
Microsoft Visual Studio Solution File, Format Version 12.00
# Visual Studio Version 17
VisualStudioVersion = 17.1.32407.343
MinimumVisualStudioVersion = 10.0.40219.1
Project("{FAE04EC0-301F-11D3-BF4B-00C04F79EFBC}") = "Khuselo_BatteryCheck_r1", "Khuselo_BatteryCheck_r1\Khuselo_BatteryCheck_r1.csproj", "{E6D1B628-DAFB-40BE-A800-4DCC909DAE36}"
EndProject
Global
	GlobalSection(SolutionConfigurationPlatforms) = preSolution
		Debug|Any CPU = Debug|Any CPU
		Release|Any CPU = Release|Any CPU
	EndGlobalSection
	GlobalSection(ProjectConfigurationPlatforms) = postSolution
		{E6D1B628-DAFB-40BE-A800-4DCC909DAE36}.Debug|Any CPU.ActiveCfg = Debug|Any CPU
		{E6D1B628-DAFB-40BE-A800-4DCC909DAE36}.Debug|Any CPU.Build.0 = Debug|Any CPU
		{E6D1B628-DAFB-40BE-A800-4DCC909DAE36}.Release|Any CPU.ActiveCfg = Release|Any CPU
		{E6D1B628-DAFB-40BE-A800-4DCC909DAE36}.Release|Any CPU.Build.0 = Release|Any CPU
	EndGlobalSection
	GlobalSection(SolutionProperties) = preSolution
		HideSolutionNode = FALSE
	EndGlobalSection
	GlobalSection(ExtensibilityGlobals) = postSolution
		SolutionGuid = {6FA66FD5-2BDB-4FAB-994A-E2884021483D}
	EndGlobalSection
EndGlobal
